<Solution>
  <Project Path="BLL.Test/BLL.Test.csproj" Id="913e233c-490d-4a54-bbf9-f1c448daa075" />
  <Project Path="EgyptDigitalPortal.SimulatedServer/EgyptDigitalPortal.SimulatedServer.csproj" />
  <Project Path="Khedmetak.AI/Khedmetak.AI.csproj" />
  <Project Path="Khedmetak.BLL/Khedmetak.BLL.csproj" />
  <Project Path="Khedmetak.DAL/Khedmetak.DAL.csproj" />
  <Project Path="Khedmetak.DigitalPortal/Khedmetak.DigitalPortal.csproj" />
  <Project Path="Khedmetak/Khedmetak.csproj" />
  <Project Path="Shard/Shard.csproj" />
</Solution>
